// !$*UTF8*$!
{
	archiveVersion = 1;
	classes = {
	};
	objectVersion = 56;
	objects = {

/* Begin PBXBuildFile section */
		2C129C8429D74D47002AB7FC /* AppDelegate.swift in Sources */ = {isa = PBXBuildFile; fileRef = 2C129C8329D74D47002AB7FC /* AppDelegate.swift */; };
		2C129C8629D74D47002AB7FC /* SceneDelegate.swift in Sources */ = {isa = PBXBuildFile; fileRef = 2C129C8529D74D47002AB7FC /* SceneDelegate.swift */; };
		2C129C8829D74D47002AB7FC /* LoginViewController.swift in Sources */ = {isa = PBXBuildFile; fileRef = 2C129C8729D74D47002AB7FC /* LoginViewController.swift */; };
		2C129C8B29D74D47002AB7FC /* Main.storyboard in Resources */ = {isa = PBXBuildFile; fileRef = 2C129C8929D74D47002AB7FC /* Main.storyboard */; };
		2C129C9029D74D48002AB7FC /* LaunchScreen.storyboard in Resources */ = {isa = PBXBuildFile; fileRef = 2C129C8E29D74D48002AB7FC /* LaunchScreen.storyboard */; };
		2C443CAD29E0203200E53D6B /* Extension + UI.swift in Sources */ = {isa = PBXBuildFile; fileRef = 2C443CAC29E0203200E53D6B /* Extension + UI.swift */; };
		2C8EE97229D75B8B00E3454D /* WelcomeViewController.swift in Sources */ = {isa = PBXBuildFile; fileRef = 2C8EE97129D75B8B00E3454D /* WelcomeViewController.swift */; };
		2CDA53CF29DDF34200A10C5F /* UserViewController.swift in Sources */ = {isa = PBXBuildFile; fileRef = 2CDA53CE29DDF34200A10C5F /* UserViewController.swift */; };
		2CDA53D129DDF38E00A10C5F /* BiographyViewController.swift in Sources */ = {isa = PBXBuildFile; fileRef = 2CDA53D029DDF38E00A10C5F /* BiographyViewController.swift */; };
		2CDA53D229DE07E200A10C5F /* Assets.xcassets in Sources */ = {isa = PBXBuildFile; fileRef = 2C129C8C29D74D48002AB7FC /* Assets.xcassets */; };
		2CDA53D429DE1ED000A10C5F /* TabBarController.swift in Sources */ = {isa = PBXBuildFile; fileRef = 2CDA53D329DE1ED000A10C5F /* TabBarController.swift */; };
		2CE8AAC229DC98AF006E7173 /* User.swift in Sources */ = {isa = PBXBuildFile; fileRef = 2CE8AAC129DC98AF006E7173 /* User.swift */; };
/* End PBXBuildFile section */

/* Begin PBXFileReference section */
		2C129C8029D74D47002AB7FC /* Authorization.app */ = {isa = PBXFileReference; explicitFileType = wrapper.application; includeInIndex = 0; path = Authorization.app; sourceTree = BUILT_PRODUCTS_DIR; };
		2C129C8329D74D47002AB7FC /* AppDelegate.swift */ = {isa = PBXFileReference; lastKnownFileType = sourcecode.swift; path = AppDelegate.swift; sourceTree = "<group>"; };
		2C129C8529D74D47002AB7FC /* SceneDelegate.swift */ = {isa = PBXFileReference; lastKnownFileType = sourcecode.swift; path = SceneDelegate.swift; sourceTree = "<group>"; };
		2C129C8729D74D47002AB7FC /* LoginViewController.swift */ = {isa = PBXFileReference; lastKnownFileType = sourcecode.swift; path = LoginViewController.swift; sourceTree = "<group>"; };
		2C129C8A29D74D47002AB7FC /* Base */ = {isa = PBXFileReference; lastKnownFileType = file.storyboard; name = Base; path = Base.lproj/Main.storyboard; sourceTree = "<group>"; };
		2C129C8C29D74D48002AB7FC /* Assets.xcassets */ = {isa = PBXFileReference; lastKnownFileType = folder.assetcatalog; name = Assets.xcassets; path = /Applications/Xcode.app/Contents/Developer/Platforms/iPhoneOS.platform/Developer/SDKs/iPhoneOS16.2.sdk/../../../../../../../../../Users/romabaranov/Desktop/Authorization/Authorization/Authorization/Assets.xcassets; sourceTree = "<absolute>"; };
		2C129C8F29D74D48002AB7FC /* Base */ = {isa = PBXFileReference; lastKnownFileType = file.storyboard; name = Base; path = Base.lproj/LaunchScreen.storyboard; sourceTree = "<group>"; };
		2C129C9129D74D48002AB7FC /* Info.plist */ = {isa = PBXFileReference; lastKnownFileType = text.plist.xml; path = Info.plist; sourceTree = "<group>"; };
		2C443CAC29E0203200E53D6B /* Extension + UI.swift */ = {isa = PBXFileReference; lastKnownFileType = sourcecode.swift; path = "Extension + UI.swift"; sourceTree = "<group>"; };
		2C8EE97129D75B8B00E3454D /* WelcomeViewController.swift */ = {isa = PBXFileReference; lastKnownFileType = sourcecode.swift; path = WelcomeViewController.swift; sourceTree = "<group>"; };
		2CDA53CE29DDF34200A10C5F /* UserViewController.swift */ = {isa = PBXFileReference; lastKnownFileType = sourcecode.swift; path = UserViewController.swift; sourceTree = "<group>"; };
		2CDA53D029DDF38E00A10C5F /* BiographyViewController.swift */ = {isa = PBXFileReference; lastKnownFileType = sourcecode.swift; path = BiographyViewController.swift; sourceTree = "<group>"; };
		2CDA53D329DE1ED000A10C5F /* TabBarController.swift */ = {isa = PBXFileReference; lastKnownFileType = sourcecode.swift; path = TabBarController.swift; sourceTree = "<group>"; };
		2CE8AAC129DC98AF006E7173 /* User.swift */ = {isa = PBXFileReference; lastKnownFileType = sourcecode.swift; path = User.swift; sourceTree = "<group>"; };
/* End PBXFileReference section */

/* Begin PBXFrameworksBuildPhase section */
		2C129C7D29D74D47002AB7FC /* Frameworks */ = {
			isa = PBXFrameworksBuildPhase;
			buildActionMask = 2147483647;
			files = (
			);
			runOnlyForDeploymentPostprocessing = 0;
		};
/* End PBXFrameworksBuildPhase section */

/* Begin PBXGroup section */
		2C129C7729D74D47002AB7FC = {
			isa = PBXGroup;
			children = (
				2C129C8229D74D47002AB7FC /* Authorization */,
				2C129C8129D74D47002AB7FC /* Products */,
			);
			sourceTree = "<group>";
		};
		2C129C8129D74D47002AB7FC /* Products */ = {
			isa = PBXGroup;
			children = (
				2C129C8029D74D47002AB7FC /* Authorization.app */,
			);
			name = Products;
			sourceTree = "<group>";
		};
		2C129C8229D74D47002AB7FC /* Authorization */ = {
			isa = PBXGroup;
			children = (
				2CE8AABF29DC96B6006E7173 /* ViewControllers */,
				2CE8AABE29DC9694006E7173 /* Storyboards */,
				2CE8AAC029DC96DB006E7173 /* Models */,
				2C443CAE29E0204200E53D6B /* Extension */,
				2CE8AABD29DC9658006E7173 /* App */,
				2C129C8C29D74D48002AB7FC /* Assets.xcassets */,
			);
			path = Authorization;
			sourceTree = "<group>";
		};
		2C443CAE29E0204200E53D6B /* Extension */ = {
			isa = PBXGroup;
			children = (
				2C443CAC29E0203200E53D6B /* Extension + UI.swift */,
			);
			path = Extension;
			sourceTree = "<group>";
		};
		2CE8AABD29DC9658006E7173 /* App */ = {
			isa = PBXGroup;
			children = (
				2C129C8329D74D47002AB7FC /* AppDelegate.swift */,
				2C129C8529D74D47002AB7FC /* SceneDelegate.swift */,
				2C129C9129D74D48002AB7FC /* Info.plist */,
			);
			path = App;
			sourceTree = "<group>";
		};
		2CE8AABE29DC9694006E7173 /* Storyboards */ = {
			isa = PBXGroup;
			children = (
				2C129C8929D74D47002AB7FC /* Main.storyboard */,
				2C129C8E29D74D48002AB7FC /* LaunchScreen.storyboard */,
			);
			path = Storyboards;
			sourceTree = "<group>";
		};
		2CE8AABF29DC96B6006E7173 /* ViewControllers */ = {
			isa = PBXGroup;
			children = (
				2C129C8729D74D47002AB7FC /* LoginViewController.swift */,
				2CDA53D329DE1ED000A10C5F /* TabBarController.swift */,
				2C8EE97129D75B8B00E3454D /* WelcomeViewController.swift */,
				2CDA53CE29DDF34200A10C5F /* UserViewController.swift */,
				2CDA53D029DDF38E00A10C5F /* BiographyViewController.swift */,
			);
			path = ViewControllers;
			sourceTree = "<group>";
		};
		2CE8AAC029DC96DB006E7173 /* Models */ = {
			isa = PBXGroup;
			children = (
				2CE8AAC129DC98AF006E7173 /* User.swift */,
			);
			path = Models;
			sourceTree = "<group>";
		};
/* End PBXGroup section */

/* Begin PBXNativeTarget section */
		2C129C7F29D74D47002AB7FC /* Authorization */ = {
			isa = PBXNativeTarget;
			buildConfigurationList = 2C129C9429D74D48002AB7FC /* Build configuration list for PBXNativeTarget "Authorization" */;
			buildPhases = (
				2C129C7C29D74D47002AB7FC /* Sources */,
				2C129C7D29D74D47002AB7FC /* Frameworks */,
				2C129C7E29D74D47002AB7FC /* Resources */,
			);
			buildRules = (
			);
			dependencies = (
			);
			name = Authorization;
			productName = Authorization;
			productReference = 2C129C8029D74D47002AB7FC /* Authorization.app */;
			productType = "com.apple.product-type.application";
		};
/* End PBXNativeTarget section */

/* Begin PBXProject section */
		2C129C7829D74D47002AB7FC /* Project object */ = {
			isa = PBXProject;
			attributes = {
				BuildIndependentTargetsInParallel = 1;
				LastSwiftUpdateCheck = 1420;
				LastUpgradeCheck = 1420;
				TargetAttributes = {
					2C129C7F29D74D47002AB7FC = {
						CreatedOnToolsVersion = 14.2;
					};
				};
			};
			buildConfigurationList = 2C129C7B29D74D47002AB7FC /* Build configuration list for PBXProject "Authorization" */;
			compatibilityVersion = "Xcode 14.0";
			developmentRegion = en;
			hasScannedForEncodings = 0;
			knownRegions = (
				en,
				Base,
			);
			mainGroup = 2C129C7729D74D47002AB7FC;
			productRefGroup = 2C129C8129D74D47002AB7FC /* Products */;
			projectDirPath = "";
			projectRoot = "";
			targets = (
				2C129C7F29D74D47002AB7FC /* Authorization */,
			);
		};
/* End PBXProject section */

/* Begin PBXResourcesBuildPhase section */
		2C129C7E29D74D47002AB7FC /* Resources */ = {
			isa = PBXResourcesBuildPhase;
			buildActionMask = 2147483647;
			files = (
				2C129C9029D74D48002AB7FC /* LaunchScreen.storyboard in Resources */,
				2C129C8B29D74D47002AB7FC /* Main.storyboard in Resources */,
			);
			runOnlyForDeploymentPostprocessing = 0;
		};
/* End PBXResourcesBuildPhase section */

/* Begin PBXSourcesBuildPhase section */
		2C129C7C29D74D47002AB7FC /* Sources */ = {
			isa = PBXSourcesBuildPhase;
			buildActionMask = 2147483647;
			files = (
				2CDA53D129DDF38E00A10C5F /* BiographyViewController.swift in Sources */,
				2C129C8829D74D47002AB7FC /* LoginViewController.swift in Sources */,
				2CDA53CF29DDF34200A10C5F /* UserViewController.swift in Sources */,
				2C129C8429D74D47002AB7FC /* AppDelegate.swift in Sources */,
				2C8EE97229D75B8B00E3454D /* WelcomeViewController.swift in Sources */,
				2C443CAD29E0203200E53D6B /* Extension + UI.swift in Sources */,
				2C129C8629D74D47002AB7FC /* SceneDelegate.swift in Sources */,
				2CDA53D429DE1ED000A10C5F /* TabBarController.swift in Sources */,
				2CDA53D229DE07E200A10C5F /* Assets.xcassets in Sources */,
				2CE8AAC229DC98AF006E7173 /* User.swift in Sources */,
			);
			runOnlyForDeploymentPostprocessing = 0;
		};
/* End PBXSourcesBuildPhase section */

/* Begin PBXVariantGroup section */
		2C129C8929D74D47002AB7FC /* Main.storyboard */ = {
			isa = PBXVariantGroup;
			children = (
				2C129C8A29D74D47002AB7FC /* Base */,
			);
			name = Main.storyboard;
			sourceTree = "<group>";
		};
		2C129C8E29D74D48002AB7FC /* LaunchScreen.storyboard */ = {
			isa = PBXVariantGroup;
			children = (
				2C129C8F29D74D48002AB7FC /* Base */,
			);
			name = LaunchScreen.storyboard;
			sourceTree = "<group>";
		};
/* End PBXVariantGroup section */

/* Begin XCBuildConfiguration section */
		2C129C9229D74D48002AB7FC /* Debug */ = {
			isa = XCBuildConfiguration;
			buildSettings = {
				ALWAYS_SEARCH_USER_PATHS = NO;
				CLANG_ANALYZER_NONNULL = YES;
				CLANG_ANALYZER_NUMBER_OBJECT_CONVERSION = YES_AGGRESSIVE;
				CLANG_CXX_LANGUAGE_STANDARD = "gnu++20";
				CLANG_ENABLE_MODULES = YES;
				CLANG_ENABLE_OBJC_ARC = YES;
				CLANG_ENABLE_OBJC_WEAK = YES;
				CLANG_WARN_BLOCK_CAPTURE_AUTORELEASING = YES;
				CLANG_WARN_BOOL_CONVERSION = YES;
				CLANG_WARN_COMMA = YES;
				CLANG_WARN_CONSTANT_CONVERSION = YES;
				CLANG_WARN_DEPRECATED_OBJC_IMPLEMENTATIONS = YES;
				CLANG_WARN_DIRECT_OBJC_ISA_USAGE = YES_ERROR;
				CLANG_WARN_DOCUMENTATION_COMMENTS = YES;
				CLANG_WARN_EMPTY_BODY = YES;
				CLANG_WARN_ENUM_CONVERSION = YES;
				CLANG_WARN_INFINITE_RECURSION = YES;
				CLANG_WARN_INT_CONVERSION = YES;
				CLANG_WARN_NON_LITERAL_NULL_CONVERSION = YES;
				CLANG_WARN_OBJC_IMPLICIT_RETAIN_SELF = YES;
				CLANG_WARN_OBJC_LITERAL_CONVERSION = YES;
				CLANG_WARN_OBJC_ROOT_CLASS = YES_ERROR;
				CLANG_WARN_QUOTED_INCLUDE_IN_FRAMEWORK_HEADER = YES;
				CLANG_WARN_RANGE_LOOP_ANALYSIS = YES;
				CLANG_WARN_STRICT_PROTOTYPES = YES;
				CLANG_WARN_SUSPICIOUS_MOVE = YES;
				CLANG_WARN_UNGUARDED_AVAILABILITY = YES_AGGRESSIVE;
				CLANG_WARN_UNREACHABLE_CODE = YES;
				CLANG_WARN__DUPLICATE_METHOD_MATCH = YES;
				COPY_PHASE_STRIP = NO;
				DEBUG_INFORMATION_FORMAT = dwarf;
				ENABLE_STRICT_OBJC_MSGSEND = YES;
				ENABLE_TESTABILITY = YES;
				GCC_C_LANGUAGE_STANDARD = gnu11;
				GCC_DYNAMIC_NO_PIC = NO;
				GCC_NO_COMMON_BLOCKS = YES;
				GCC_OPTIMIZATION_LEVEL = 0;
				GCC_PREPROCESSOR_DEFINITIONS = (
					"DEBUG=1",
					"$(inherited)",
				);
				GCC_WARN_64_TO_32_BIT_CONVERSION = YES;
				GCC_WARN_ABOUT_RETURN_TYPE = YES_ERROR;
				GCC_WARN_UNDECLARED_SELECTOR = YES;
				GCC_WARN_UNINITIALIZED_AUTOS = YES_AGGRESSIVE;
				GCC_WARN_UNUSED_FUNCTION = YES;
				GCC_WARN_UNUSED_VARIABLE = YES;
				IPHONEOS_DEPLOYMENT_TARGET = 16.2;
				MTL_ENABLE_DEBUG_INFO = INCLUDE_SOURCE;
				MTL_FAST_MATH = YES;
				ONLY_ACTIVE_ARCH = YES;
				SDKROOT = iphoneos;
				SWIFT_ACTIVE_COMPILATION_CONDITIONS = DEBUG;
				SWIFT_OPTIMIZATION_LEVEL = "-Onone";
			};
			name = Debug;
		};
		2C129C9329D74D48002AB7FC /* Release */ = {
			isa = XCBuildConfiguration;
			buildSettings = {
				ALWAYS_SEARCH_USER_PATHS = NO;
				CLANG_ANALYZER_NONNULL = YES;
				CLANG_ANALYZER_NUMBER_OBJECT_CONVERSION = YES_AGGRESSIVE;
				CLANG_CXX_LANGUAGE_STANDARD = "gnu++20";
				CLANG_ENABLE_MODULES = YES;
				CLANG_ENABLE_OBJC_ARC = YES;
				CLANG_ENABLE_OBJC_WEAK = YES;
				CLANG_WARN_BLOCK_CAPTURE_AUTORELEASING = YES;
				CLANG_WARN_BOOL_CONVERSION = YES;
				CLANG_WARN_COMMA = YES;
				CLANG_WARN_CONSTANT_CONVERSION = YES;
				CLANG_WARN_DEPRECATED_OBJC_IMPLEMENTATIONS = YES;
				CLANG_WARN_DIRECT_OBJC_ISA_USAGE = YES_ERROR;
				CLANG_WARN_DOCUMENTATION_COMMENTS = YES;
				CLANG_WARN_EMPTY_BODY = YES;
				CLANG_WARN_ENUM_CONVERSION = YES;
				CLANG_WARN_INFINITE_RECURSION = YES;
				CLANG_WARN_INT_CONVERSION = YES;
				CLANG_WARN_NON_LITERAL_NULL_CONVERSION = YES;
				CLANG_WARN_OBJC_IMPLICIT_RETAIN_SELF = YES;
				CLANG_WARN_OBJC_LITERAL_CONVERSION = YES;
				CLANG_WARN_OBJC_ROOT_CLASS = YES_ERROR;
				CLANG_WARN_QUOTED_INCLUDE_IN_FRAMEWORK_HEADER = YES;
				CLANG_WARN_RANGE_LOOP_ANALYSIS = YES;
				CLANG_WARN_STRICT_PROTOTYPES = YES;
				CLANG_WARN_SUSPICIOUS_MOVE = YES;
				CLANG_WARN_UNGUARDED_AVAILABILITY = YES_AGGRESSIVE;
				CLANG_WARN_UNREACHABLE_CODE = YES;
				CLANG_WARN__DUPLICATE_METHOD_MATCH = YES;
				COPY_PHASE_STRIP = NO;
				DEBUG_INFORMATION_FORMAT = "dwarf-with-dsym";
				ENABLE_NS_ASSERTIONS = NO;
				ENABLE_STRICT_OBJC_MSGSEND = YES;
				GCC_C_LANGUAGE_STANDARD = gnu11;
				GCC_NO_COMMON_BLOCKS = YES;
				GCC_WARN_64_TO_32_BIT_CONVERSION = YES;
				GCC_WARN_ABOUT_RETURN_TYPE = YES_ERROR;
				GCC_WARN_UNDECLARED_SELECTOR = YES;
				GCC_WARN_UNINITIALIZED_AUTOS = YES_AGGRESSIVE;
				GCC_WARN_UNUSED_FUNCTION = YES;
				GCC_WARN_UNUSED_VARIABLE = YES;
				IPHONEOS_DEPLOYMENT_TARGET = 16.2;
				MTL_ENABLE_DEBUG_INFO = NO;
				MTL_FAST_MATH = YES;
				SDKROOT = iphoneos;
				SWIFT_COMPILATION_MODE = wholemodule;
				SWIFT_OPTIMIZATION_LEVEL = "-O";
				VALIDATE_PRODUCT = YES;
			};
			name = Release;
		};
		2C129C9529D74D48002AB7FC /* Debug */ = {
			isa = XCBuildConfiguration;
			buildSettings = {
				ASSETCATALOG_COMPILER_APPICON_NAME = AppIcon;
				ASSETCATALOG_COMPILER_GLOBAL_ACCENT_COLOR_NAME = AccentColor;
				CODE_SIGN_STYLE = Automatic;
				CURRENT_PROJECT_VERSION = 1;
				DEVELOPMENT_TEAM = 668CVSWCB8;
				GENERATE_INFOPLIST_FILE = YES;
				INFOPLIST_FILE = Authorization/App/Info.plist;
				INFOPLIST_KEY_UIApplicationSupportsIndirectInputEvents = YES;
				INFOPLIST_KEY_UILaunchStoryboardName = LaunchScreen.storyboard;
				INFOPLIST_KEY_UIMainStoryboardFile = Main;
				INFOPLIST_KEY_UISupportedInterfaceOrientations = UIInterfaceOrientationPortrait;
				INFOPLIST_KEY_UISupportedInterfaceOrientations_iPad = "UIInterfaceOrientationLandscapeLeft UIInterfaceOrientationLandscapeRight UIInterfaceOrientationPortrait UIInterfaceOrientationPortraitUpsideDown";
				LD_RUNPATH_SEARCH_PATHS = (
					"$(inherited)",
					"@executable_path/Frameworks",
				);
				MARKETING_VERSION = 0.1.0;
				PRODUCT_BUNDLE_IDENTIFIER = Authorizationru.ndlap.Authorization;
				PRODUCT_NAME = "$(TARGET_NAME)";
				SUPPORTED_PLATFORMS = "iphoneos iphonesimulator";
				SUPPORTS_MACCATALYST = NO;
				SUPPORTS_MAC_DESIGNED_FOR_IPHONE_IPAD = NO;
				SWIFT_EMIT_LOC_STRINGS = YES;
				SWIFT_VERSION = 5.0;
				TARGETED_DEVICE_FAMILY = 1;
			};
			name = Debug;
		};
		2C129C9629D74D48002AB7FC /* Release */ = {
			isa = XCBuildConfiguration;
			buildSettings = {
				ASSETCATALOG_COMPILER_APPICON_NAME = AppIcon;
				ASSETCATALOG_COMPILER_GLOBAL_ACCENT_COLOR_NAME = AccentColor;
				CODE_SIGN_STYLE = Automatic;
				CURRENT_PROJECT_VERSION = 1;
				DEVELOPMENT_TEAM = 668CVSWCB8;
				GENERATE_INFOPLIST_FILE = YES;
				INFOPLIST_FILE = Authorization/App/Info.plist;
				INFOPLIST_KEY_UIApplicationSupportsIndirectInputEvents = YES;
				INFOPLIST_KEY_UILaunchStoryboardName = LaunchScreen.storyboard;
				INFOPLIST_KEY_UIMainStoryboardFile = Main;
				INFOPLIST_KEY_UISupportedInterfaceOrientations = UIInterfaceOrientationPortrait;
				INFOPLIST_KEY_UISupportedInterfaceOrientations_iPad = "UIInterfaceOrientationLandscapeLeft UIInterfaceOrientationLandscapeRight UIInterfaceOrientationPortrait UIInterfaceOrientationPortraitUpsideDown";
				LD_RUNPATH_SEARCH_PATHS = (
					"$(inherited)",
					"@executable_path/Frameworks",
				);
				MARKETING_VERSION = 0.1.0;
				PRODUCT_BUNDLE_IDENTIFIER = Authorizationru.ndlap.Authorization;
				PRODUCT_NAME = "$(TARGET_NAME)";
				SUPPORTED_PLATFORMS = "iphoneos iphonesimulator";
				SUPPORTS_MACCATALYST = NO;
				SUPPORTS_MAC_DESIGNED_FOR_IPHONE_IPAD = NO;
				SWIFT_EMIT_LOC_STRINGS = YES;
				SWIFT_VERSION = 5.0;
				TARGETED_DEVICE_FAMILY = 1;
			};
			name = Release;
		};
/* End XCBuildConfiguration section */

/* Begin XCConfigurationList section */
		2C129C7B29D74D47002AB7FC /* Build configuration list for PBXProject "Authorization" */ = {
			isa = XCConfigurationList;
			buildConfigurations = (
				2C129C9229D74D48002AB7FC /* Debug */,
				2C129C9329D74D48002AB7FC /* Release */,
			);
			defaultConfigurationIsVisible = 0;
			defaultConfigurationName = Release;
		};
		2C129C9429D74D48002AB7FC /* Build configuration list for PBXNativeTarget "Authorization" */ = {
			isa = XCConfigurationList;
			buildConfigurations = (
				2C129C9529D74D48002AB7FC /* Debug */,
				2C129C9629D74D48002AB7FC /* Release */,
			);
			defaultConfigurationIsVisible = 0;
			defaultConfigurationName = Release;
		};
/* End XCConfigurationList section */
	};
	rootObject = 2C129C7829D74D47002AB7FC /* Project object */;
}
